
Microsoft Visual Studio Solution File, Format Version 12.00
# Visual Studio Version 17
VisualStudioVersion = 17.5.33502.453
MinimumVisualStudioVersion = 10.0.40219.1
Project("{FAE04EC0-301F-11D3-BF4B-00C04F79EFBC}") = "XeDongCo1", "XeDongCo1\XeDongCo1.csproj", "{1ED16E38-D55D-4C74-A6BF-8B7AEB12B11E}"
EndProject
Global
	GlobalSection(SolutionConfigurationPlatforms) = preSolution
		Debug|Any CPU = Debug|Any CPU
		Release|Any CPU = Release|Any CPU
	EndGlobalSection
	GlobalSection(ProjectConfigurationPlatforms) = postSolution
		{1ED16E38-D55D-4C74-A6BF-8B7AEB12B11E}.Debug|Any CPU.ActiveCfg = Debug|Any CPU
		{1ED16E38-D55D-4C74-A6BF-8B7AEB12B11E}.Debug|Any CPU.Build.0 = Debug|Any CPU
		{1ED16E38-D55D-4C74-A6BF-8B7AEB12B11E}.Release|Any CPU.ActiveCfg = Release|Any CPU
		{1ED16E38-D55D-4C74-A6BF-8B7AEB12B11E}.Release|Any CPU.Build.0 = Release|Any CPU
	EndGlobalSection
	GlobalSection(SolutionProperties) = preSolution
		HideSolutionNode = FALSE
	EndGlobalSection
	GlobalSection(ExtensibilityGlobals) = postSolution
		SolutionGuid = {A174F8AD-2E1A-4292-8691-E3D3BD8E716F}
	EndGlobalSection
EndGlobal
