
Microsoft Visual Studio Solution File, Format Version 12.00
# Visual Studio Version 17
VisualStudioVersion = 17.5.33502.453
MinimumVisualStudioVersion = 10.0.40219.1
Project("{FAE04EC0-301F-11D3-BF4B-00C04F79EFBC}") = "Bai3.3", "Bai3.3\Bai3.3.csproj", "{ECADEAF7-F778-4336-82F8-0677E46CFB07}"
EndProject
Global
	GlobalSection(SolutionConfigurationPlatforms) = preSolution
		Debug|Any CPU = Debug|Any CPU
		Release|Any CPU = Release|Any CPU
	EndGlobalSection
	GlobalSection(ProjectConfigurationPlatforms) = postSolution
		{ECADEAF7-F778-4336-82F8-0677E46CFB07}.Debug|Any CPU.ActiveCfg = Debug|Any CPU
		{ECADEAF7-F778-4336-82F8-0677E46CFB07}.Debug|Any CPU.Build.0 = Debug|Any CPU
		{ECADEAF7-F778-4336-82F8-0677E46CFB07}.Release|Any CPU.ActiveCfg = Release|Any CPU
		{ECADEAF7-F778-4336-82F8-0677E46CFB07}.Release|Any CPU.Build.0 = Release|Any CPU
	EndGlobalSection
	GlobalSection(SolutionProperties) = preSolution
		HideSolutionNode = FALSE
	EndGlobalSection
	GlobalSection(ExtensibilityGlobals) = postSolution
		SolutionGuid = {B98D7B21-9D0F-4FE8-A757-3A11282EAB82}
	EndGlobalSection
EndGlobal
