
Microsoft Visual Studio Solution File, Format Version 12.00
# Visual Studio Version 17
VisualStudioVersion = 17.0.31912.275
MinimumVisualStudioVersion = 10.0.40219.1
Project("{FAE04EC0-301F-11D3-BF4B-00C04F79EFBC}") = "Circle", "Circle.csproj", "{C2887C6C-6EBF-4142-B72C-F3B9E3EA48DA}"
EndProject
Global
	GlobalSection(SolutionConfigurationPlatforms) = preSolution
		Debug|Any CPU = Debug|Any CPU
		Release|Any CPU = Release|Any CPU
	EndGlobalSection
	GlobalSection(ProjectConfigurationPlatforms) = postSolution
		{C2887C6C-6EBF-4142-B72C-F3B9E3EA48DA}.Debug|Any CPU.ActiveCfg = Debug|Any CPU
		{C2887C6C-6EBF-4142-B72C-F3B9E3EA48DA}.Debug|Any CPU.Build.0 = Debug|Any CPU
		{C2887C6C-6EBF-4142-B72C-F3B9E3EA48DA}.Release|Any CPU.ActiveCfg = Release|Any CPU
		{C2887C6C-6EBF-4142-B72C-F3B9E3EA48DA}.Release|Any CPU.Build.0 = Release|Any CPU
	EndGlobalSection
	GlobalSection(SolutionProperties) = preSolution
		HideSolutionNode = FALSE
	EndGlobalSection
	GlobalSection(ExtensibilityGlobals) = postSolution
		SolutionGuid = {6ACD68DB-E4D4-4FF7-B533-CC822F662ACE}
	EndGlobalSection
EndGlobal
